
Microsoft Visual Studio Solution File, Format Version 12.00
# Visual Studio Version 17
VisualStudioVersion = 17.0.32112.339
MinimumVisualStudioVersion = 10.0.40219.1
Project("{FAE04EC0-301F-11D3-BF4B-00C04F79EFBC}") = "WebApi", "Corona\WebApi.csproj", "{21C8125C-B9A7-48C5-8357-148B00BF22B3}"
EndProject
Project("{FAE04EC0-301F-11D3-BF4B-00C04F79EFBC}") = "BLL", "BLL\BLL.csproj", "{969C2D19-0835-453A-9FE7-72D65F410AE8}"
EndProject
Project("{FAE04EC0-301F-11D3-BF4B-00C04F79EFBC}") = "DAL", "DAL\DAL.csproj", "{0A123C8D-DF19-4939-8607-EDA9058CB689}"
EndProject
Project("{FAE04EC0-301F-11D3-BF4B-00C04F79EFBC}") = "Entities", "Entities\Entities.csproj", "{9998F278-C727-4BEE-B5F1-5D5ABFEA732A}"
EndProject
Global
	GlobalSection(SolutionConfigurationPlatforms) = preSolution
		Debug|Any CPU = Debug|Any CPU
		Release|Any CPU = Release|Any CPU
	EndGlobalSection
	GlobalSection(ProjectConfigurationPlatforms) = postSolution
		{21C8125C-B9A7-48C5-8357-148B00BF22B3}.Debug|Any CPU.ActiveCfg = Debug|Any CPU
		{21C8125C-B9A7-48C5-8357-148B00BF22B3}.Debug|Any CPU.Build.0 = Debug|Any CPU
		{21C8125C-B9A7-48C5-8357-148B00BF22B3}.Release|Any CPU.ActiveCfg = Release|Any CPU
		{21C8125C-B9A7-48C5-8357-148B00BF22B3}.Release|Any CPU.Build.0 = Release|Any CPU
		{969C2D19-0835-453A-9FE7-72D65F410AE8}.Debug|Any CPU.ActiveCfg = Debug|Any CPU
		{969C2D19-0835-453A-9FE7-72D65F410AE8}.Debug|Any CPU.Build.0 = Debug|Any CPU
		{969C2D19-0835-453A-9FE7-72D65F410AE8}.Release|Any CPU.ActiveCfg = Release|Any CPU
		{969C2D19-0835-453A-9FE7-72D65F410AE8}.Release|Any CPU.Build.0 = Release|Any CPU
		{0A123C8D-DF19-4939-8607-EDA9058CB689}.Debug|Any CPU.ActiveCfg = Debug|Any CPU
		{0A123C8D-DF19-4939-8607-EDA9058CB689}.Debug|Any CPU.Build.0 = Debug|Any CPU
		{0A123C8D-DF19-4939-8607-EDA9058CB689}.Release|Any CPU.ActiveCfg = Release|Any CPU
		{0A123C8D-DF19-4939-8607-EDA9058CB689}.Release|Any CPU.Build.0 = Release|Any CPU
		{9998F278-C727-4BEE-B5F1-5D5ABFEA732A}.Debug|Any CPU.ActiveCfg = Debug|Any CPU
		{9998F278-C727-4BEE-B5F1-5D5ABFEA732A}.Debug|Any CPU.Build.0 = Debug|Any CPU
		{9998F278-C727-4BEE-B5F1-5D5ABFEA732A}.Release|Any CPU.ActiveCfg = Release|Any CPU
		{9998F278-C727-4BEE-B5F1-5D5ABFEA732A}.Release|Any CPU.Build.0 = Release|Any CPU
	EndGlobalSection
	GlobalSection(SolutionProperties) = preSolution
		HideSolutionNode = FALSE
	EndGlobalSection
	GlobalSection(ExtensibilityGlobals) = postSolution
		SolutionGuid = {F7C2E6F8-7605-42B5-9D95-AF9AB4DCAAA7}
	EndGlobalSection
EndGlobal
